// !$*UTF8*$!
{
	archiveVersion = 1;
	classes = {
	};
	objectVersion = 50;
	objects = {

/* Begin PBXBuildFile section */
		517663B624A2199600BFD4AA /* AppDelegate.swift in Sources */ = {isa = PBXBuildFile; fileRef = 517663B524A2199600BFD4AA /* AppDelegate.swift */; };
		517663B824A2199600BFD4AA /* SceneDelegate.swift in Sources */ = {isa = PBXBuildFile; fileRef = 517663B724A2199600BFD4AA /* SceneDelegate.swift */; };
		517663BA24A2199600BFD4AA /* ContentView.swift in Sources */ = {isa = PBXBuildFile; fileRef = 517663B924A2199600BFD4AA /* ContentView.swift */; };
		517663BC24A2199700BFD4AA /* Assets.xcassets in Resources */ = {isa = PBXBuildFile; fileRef = 517663BB24A2199700BFD4AA /* Assets.xcassets */; };
		517663BF24A2199700BFD4AA /* Preview Assets.xcassets in Resources */ = {isa = PBXBuildFile; fileRef = 517663BE24A2199700BFD4AA /* Preview Assets.xcassets */; };
		517663C224A2199700BFD4AA /* LaunchScreen.storyboard in Resources */ = {isa = PBXBuildFile; fileRef = 517663C024A2199700BFD4AA /* LaunchScreen.storyboard */; };
/* End PBXBuildFile section */

/* Begin PBXFileReference section */
		517663B224A2199600BFD4AA /* SwiftUI start.app */ = {isa = PBXFileReference; explicitFileType = wrapper.application; includeInIndex = 0; path = "SwiftUI start.app"; sourceTree = BUILT_PRODUCTS_DIR; };
		517663B524A2199600BFD4AA /* AppDelegate.swift */ = {isa = PBXFileReference; lastKnownFileType = sourcecode.swift; path = AppDelegate.swift; sourceTree = "<group>"; };
		517663B724A2199600BFD4AA /* SceneDelegate.swift */ = {isa = PBXFileReference; lastKnownFileType = sourcecode.swift; path = SceneDelegate.swift; sourceTree = "<group>"; };
		517663B924A2199600BFD4AA /* ContentView.swift */ = {isa = PBXFileReference; lastKnownFileType = sourcecode.swift; path = ContentView.swift; sourceTree = "<group>"; };
		517663BB24A2199700BFD4AA /* Assets.xcassets */ = {isa = PBXFileReference; lastKnownFileType = folder.assetcatalog; path = Assets.xcassets; sourceTree = "<group>"; };
		517663BE24A2199700BFD4AA /* Preview Assets.xcassets */ = {isa = PBXFileReference; lastKnownFileType = folder.assetcatalog; path = "Preview Assets.xcassets"; sourceTree = "<group>"; };
		517663C124A2199700BFD4AA /* Base */ = {isa = PBXFileReference; lastKnownFileType = file.storyboard; name = Base; path = Base.lproj/LaunchScreen.storyboard; sourceTree = "<group>"; };
		517663C324A2199700BFD4AA /* Info.plist */ = {isa = PBXFileReference; lastKnownFileType = text.plist.xml; path = Info.plist; sourceTree = "<group>"; };
/* End PBXFileReference section */

/* Begin PBXFrameworksBuildPhase section */
		517663AF24A2199600BFD4AA /* Frameworks */ = {
			isa = PBXFrameworksBuildPhase;
			buildActionMask = 2147483647;
			files = (
			);
			runOnlyForDeploymentPostprocessing = 0;
		};
/* End PBXFrameworksBuildPhase section */

/* Begin PBXGroup section */
		517663A924A2199600BFD4AA = {
			isa = PBXGroup;
			children = (
				517663B424A2199600BFD4AA /* SwiftUI start */,
				517663B324A2199600BFD4AA /* Products */,
			);
			sourceTree = "<group>";
		};
		517663B324A2199600BFD4AA /* Products */ = {
			isa = PBXGroup;
			children = (
				517663B224A2199600BFD4AA /* SwiftUI start.app */,
			);
			name = Products;
			sourceTree = "<group>";
		};
		517663B424A2199600BFD4AA /* SwiftUI start */ = {
			isa = PBXGroup;
			children = (
				517663B524A2199600BFD4AA /* AppDelegate.swift */,
				517663B724A2199600BFD4AA /* SceneDelegate.swift */,
				517663B924A2199600BFD4AA /* ContentView.swift */,
				517663BB24A2199700BFD4AA /* Assets.xcassets */,
				517663C024A2199700BFD4AA /* LaunchScreen.storyboard */,
				517663C324A2199700BFD4AA /* Info.plist */,
				517663BD24A2199700BFD4AA /* Preview Content */,
			);
			path = "SwiftUI start";
			sourceTree = "<group>";
		};
		517663BD24A2199700BFD4AA /* Preview Content */ = {
			isa = PBXGroup;
			children = (
				517663BE24A2199700BFD4AA /* Preview Assets.xcassets */,
			);
			path = "Preview Content";
			sourceTree = "<group>";
		};
/* End PBXGroup section */

/* Begin PBXNativeTarget section */
		517663B124A2199600BFD4AA /* SwiftUI start */ = {
			isa = PBXNativeTarget;
			buildConfigurationList = 517663C624A2199700BFD4AA /* Build configuration list for PBXNativeTarget "SwiftUI start" */;
			buildPhases = (
				517663AE24A2199600BFD4AA /* Sources */,
				517663AF24A2199600BFD4AA /* Frameworks */,
				517663B024A2199600BFD4AA /* Resources */,
			);
			buildRules = (
			);
			dependencies = (
			);
			name = "SwiftUI start";
			productName = "SwiftUI start";
			productReference = 517663B224A2199600BFD4AA /* SwiftUI start.app */;
			productType = "com.apple.product-type.application";
		};
/* End PBXNativeTarget section */

/* Begin PBXProject section */
		517663AA24A2199600BFD4AA /* Project object */ = {
			isa = PBXProject;
			attributes = {
				LastSwiftUpdateCheck = 1150;
				LastUpgradeCheck = 1150;
				ORGANIZATIONNAME = "Jon Eikholm";
				TargetAttributes = {
					517663B124A2199600BFD4AA = {
						CreatedOnToolsVersion = 11.5;
					};
				};
			};
			buildConfigurationList = 517663AD24A2199600BFD4AA /* Build configuration list for PBXProject "SwiftUI start" */;
			compatibilityVersion = "Xcode 9.3";
			developmentRegion = en;
			hasScannedForEncodings = 0;
			knownRegions = (
				en,
				Base,
			);
			mainGroup = 517663A924A2199600BFD4AA;
			productRefGroup = 517663B324A2199600BFD4AA /* Products */;
			projectDirPath = "";
			projectRoot = "";
			targets = (
				517663B124A2199600BFD4AA /* SwiftUI start */,
			);
		};
/* End PBXProject section */

/* Begin PBXResourcesBuildPhase section */
		517663B024A2199600BFD4AA /* Resources */ = {
			isa = PBXResourcesBuildPhase;
			buildActionMask = 2147483647;
			files = (
				517663C224A2199700BFD4AA /* LaunchScreen.storyboard in Resources */,
				517663BF24A2199700BFD4AA /* Preview Assets.xcassets in Resources */,
				517663BC24A2199700BFD4AA /* Assets.xcassets in Resources */,
			);
			runOnlyForDeploymentPostprocessing = 0;
		};
/* End PBXResourcesBuildPhase section */

/* Begin PBXSourcesBuildPhase section */
		517663AE24A2199600BFD4AA /* Sources */ = {
			isa = PBXSourcesBuildPhase;
			buildActionMask = 2147483647;
			files = (
				517663B624A2199600BFD4AA /* AppDelegate.swift in Sources */,
				517663B824A2199600BFD4AA /* SceneDelegate.swift in Sources */,
				517663BA24A2199600BFD4AA /* ContentView.swift in Sources */,
			);
			runOnlyForDeploymentPostprocessing = 0;
		};
/* End PBXSourcesBuildPhase section */

/* Begin PBXVariantGroup section */
		517663C024A2199700BFD4AA /* LaunchScreen.storyboard */ = {
			isa = PBXVariantGroup;
			children = (
				517663C124A2199700BFD4AA /* Base */,
			);
			name = LaunchScreen.storyboard;
			sourceTree = "<group>";
		};
/* End PBXVariantGroup section */

/* Begin XCBuildConfiguration section */
		517663C424A2199700BFD4AA /* Debug */ = {
			isa = XCBuildConfiguration;
			buildSettings = {
				ALWAYS_SEARCH_USER_PATHS = NO;
				CLANG_ANALYZER_NONNULL = YES;
				CLANG_ANALYZER_NUMBER_OBJECT_CONVERSION = YES_AGGRESSIVE;
				CLANG_CXX_LANGUAGE_STANDARD = "gnu++14";
				CLANG_CXX_LIBRARY = "libc++";
				CLANG_ENABLE_MODULES = YES;
				CLANG_ENABLE_OBJC_ARC = YES;
				CLANG_ENABLE_OBJC_WEAK = YES;
				CLANG_WARN_BLOCK_CAPTURE_AUTORELEASING = YES;
				CLANG_WARN_BOOL_CONVERSION = YES;
				CLANG_WARN_COMMA = YES;
				CLANG_WARN_CONSTANT_CONVERSION = YES;
				CLANG_WARN_DEPRECATED_OBJC_IMPLEMENTATIONS = YES;
				CLANG_WARN_DIRECT_OBJC_ISA_USAGE = YES_ERROR;
				CLANG_WARN_DOCUMENTATION_COMMENTS = YES;
				CLANG_WARN_EMPTY_BODY = YES;
				CLANG_WARN_ENUM_CONVERSION = YES;
				CLANG_WARN_INFINITE_RECURSION = YES;
				CLANG_WARN_INT_CONVERSION = YES;
				CLANG_WARN_NON_LITERAL_NULL_CONVERSION = YES;
				CLANG_WARN_OBJC_IMPLICIT_RETAIN_SELF = YES;
				CLANG_WARN_OBJC_LITERAL_CONVERSION = YES;
				CLANG_WARN_OBJC_ROOT_CLASS = YES_ERROR;
				CLANG_WARN_RANGE_LOOP_ANALYSIS = YES;
				CLANG_WARN_STRICT_PROTOTYPES = YES;
				CLANG_WARN_SUSPICIOUS_MOVE = YES;
				CLANG_WARN_UNGUARDED_AVAILABILITY = YES_AGGRESSIVE;
				CLANG_WARN_UNREACHABLE_CODE = YES;
				CLANG_WARN__DUPLICATE_METHOD_MATCH = YES;
				COPY_PHASE_STRIP = NO;
				DEBUG_INFORMATION_FORMAT = dwarf;
				ENABLE_STRICT_OBJC_MSGSEND = YES;
				ENABLE_TESTABILITY = YES;
				GCC_C_LANGUAGE_STANDARD = gnu11;
				GCC_DYNAMIC_NO_PIC = NO;
				GCC_NO_COMMON_BLOCKS = YES;
				GCC_OPTIMIZATION_LEVEL = 0;
				GCC_PREPROCESSOR_DEFINITIONS = (
					"DEBUG=1",
					"$(inherited)",
				);
				GCC_WARN_64_TO_32_BIT_CONVERSION = YES;
				GCC_WARN_ABOUT_RETURN_TYPE = YES_ERROR;
				GCC_WARN_UNDECLARED_SELECTOR = YES;
				GCC_WARN_UNINITIALIZED_AUTOS = YES_AGGRESSIVE;
				GCC_WARN_UNUSED_FUNCTION = YES;
				GCC_WARN_UNUSED_VARIABLE = YES;
				IPHONEOS_DEPLOYMENT_TARGET = 13.5;
				MTL_ENABLE_DEBUG_INFO = INCLUDE_SOURCE;
				MTL_FAST_MATH = YES;
				ONLY_ACTIVE_ARCH = YES;
				SDKROOT = iphoneos;
				SWIFT_ACTIVE_COMPILATION_CONDITIONS = DEBUG;
				SWIFT_OPTIMIZATION_LEVEL = "-Onone";
			};
			name = Debug;
		};
		517663C524A2199700BFD4AA /* Release */ = {
			isa = XCBuildConfiguration;
			buildSettings = {
				ALWAYS_SEARCH_USER_PATHS = NO;
				CLANG_ANALYZER_NONNULL = YES;
				CLANG_ANALYZER_NUMBER_OBJECT_CONVERSION = YES_AGGRESSIVE;
				CLANG_CXX_LANGUAGE_STANDARD = "gnu++14";
				CLANG_CXX_LIBRARY = "libc++";
				CLANG_ENABLE_MODULES = YES;
				CLANG_ENABLE_OBJC_ARC = YES;
				CLANG_ENABLE_OBJC_WEAK = YES;
				CLANG_WARN_BLOCK_CAPTURE_AUTORELEASING = YES;
				CLANG_WARN_BOOL_CONVERSION = YES;
				CLANG_WARN_COMMA = YES;
				CLANG_WARN_CONSTANT_CONVERSION = YES;
				CLANG_WARN_DEPRECATED_OBJC_IMPLEMENTATIONS = YES;
				CLANG_WARN_DIRECT_OBJC_ISA_USAGE = YES_ERROR;
				CLANG_WARN_DOCUMENTATION_COMMENTS = YES;
				CLANG_WARN_EMPTY_BODY = YES;
				CLANG_WARN_ENUM_CONVERSION = YES;
				CLANG_WARN_INFINITE_RECURSION = YES;
				CLANG_WARN_INT_CONVERSION = YES;
				CLANG_WARN_NON_LITERAL_NULL_CONVERSION = YES;
				CLANG_WARN_OBJC_IMPLICIT_RETAIN_SELF = YES;
				CLANG_WARN_OBJC_LITERAL_CONVERSION = YES;
				CLANG_WARN_OBJC_ROOT_CLASS = YES_ERROR;
				CLANG_WARN_RANGE_LOOP_ANALYSIS = YES;
				CLANG_WARN_STRICT_PROTOTYPES = YES;
				CLANG_WARN_SUSPICIOUS_MOVE = YES;
				CLANG_WARN_UNGUARDED_AVAILABILITY = YES_AGGRESSIVE;
				CLANG_WARN_UNREACHABLE_CODE = YES;
				CLANG_WARN__DUPLICATE_METHOD_MATCH = YES;
				COPY_PHASE_STRIP = NO;
				DEBUG_INFORMATION_FORMAT = "dwarf-with-dsym";
				ENABLE_NS_ASSERTIONS = NO;
				ENABLE_STRICT_OBJC_MSGSEND = YES;
				GCC_C_LANGUAGE_STANDARD = gnu11;
				GCC_NO_COMMON_BLOCKS = YES;
				GCC_WARN_64_TO_32_BIT_CONVERSION = YES;
				GCC_WARN_ABOUT_RETURN_TYPE = YES_ERROR;
				GCC_WARN_UNDECLARED_SELECTOR = YES;
				GCC_WARN_UNINITIALIZED_AUTOS = YES_AGGRESSIVE;
				GCC_WARN_UNUSED_FUNCTION = YES;
				GCC_WARN_UNUSED_VARIABLE = YES;
				IPHONEOS_DEPLOYMENT_TARGET = 13.5;
				MTL_ENABLE_DEBUG_INFO = NO;
				MTL_FAST_MATH = YES;
				SDKROOT = iphoneos;
				SWIFT_COMPILATION_MODE = wholemodule;
				SWIFT_OPTIMIZATION_LEVEL = "-O";
				VALIDATE_PRODUCT = YES;
			};
			name = Release;
		};
		517663C724A2199700BFD4AA /* Debug */ = {
			isa = XCBuildConfiguration;
			buildSettings = {
				ASSETCATALOG_COMPILER_APPICON_NAME = AppIcon;
				CODE_SIGN_STYLE = Automatic;
				DEVELOPMENT_ASSET_PATHS = "\"SwiftUI start/Preview Content\"";
				DEVELOPMENT_TEAM = KPUJWHCJD8;
				ENABLE_PREVIEWS = YES;
				INFOPLIST_FILE = "SwiftUI start/Info.plist";
				LD_RUNPATH_SEARCH_PATHS = (
					"$(inherited)",
					"@executable_path/Frameworks",
				);
				PRODUCT_BUNDLE_IDENTIFIER = "dk.commonsenseit.SwiftUI-start";
				PRODUCT_NAME = "$(TARGET_NAME)";
				SWIFT_VERSION = 5.0;
				TARGETED_DEVICE_FAMILY = "1,2";
			};
			name = Debug;
		};
		517663C824A2199700BFD4AA /* Release */ = {
			isa = XCBuildConfiguration;
			buildSettings = {
				ASSETCATALOG_COMPILER_APPICON_NAME = AppIcon;
				CODE_SIGN_STYLE = Automatic;
				DEVELOPMENT_ASSET_PATHS = "\"SwiftUI start/Preview Content\"";
				DEVELOPMENT_TEAM = KPUJWHCJD8;
				ENABLE_PREVIEWS = YES;
				INFOPLIST_FILE = "SwiftUI start/Info.plist";
				LD_RUNPATH_SEARCH_PATHS = (
					"$(inherited)",
					"@executable_path/Frameworks",
				);
				PRODUCT_BUNDLE_IDENTIFIER = "dk.commonsenseit.SwiftUI-start";
				PRODUCT_NAME = "$(TARGET_NAME)";
				SWIFT_VERSION = 5.0;
				TARGETED_DEVICE_FAMILY = "1,2";
			};
			name = Release;
		};
/* End XCBuildConfiguration section */

/* Begin XCConfigurationList section */
		517663AD24A2199600BFD4AA /* Build configuration list for PBXProject "SwiftUI start" */ = {
			isa = XCConfigurationList;
			buildConfigurations = (
				517663C424A2199700BFD4AA /* Debug */,
				517663C524A2199700BFD4AA /* Release */,
			);
			defaultConfigurationIsVisible = 0;
			defaultConfigurationName = Release;
		};
		517663C624A2199700BFD4AA /* Build configuration list for PBXNativeTarget "SwiftUI start" */ = {
			isa = XCConfigurationList;
			buildConfigurations = (
				517663C724A2199700BFD4AA /* Debug */,
				517663C824A2199700BFD4AA /* Release */,
			);
			defaultConfigurationIsVisible = 0;
			defaultConfigurationName = Release;
		};
/* End XCConfigurationList section */
	};
	rootObject = 517663AA24A2199600BFD4AA /* Project object */;
}
